<?xml version="1.0" encoding="utf-8"?>
<Project ToolsVersion="4.0" xmlns="http://schemas.microsoft.com/developer/msbuild/2003">
  <ItemGroup>
    <Filter Include="old">
      <UniqueIdentifier>{476a24dc-8d18-4637-9760-91c2a5140dbb}</UniqueIdentifier>
    </Filter>
    <Filter Include="old\setup">
      <UniqueIdentifier>{cff770a3-b287-46cb-a191-01e0c2d928b6}</UniqueIdentifier>
    </Filter>
    <Filter Include="old\setup\cheat">
      <UniqueIdentifier>{0afe1077-dfdf-4b23-905b-afb7707029e8}</UniqueIdentifier>
    </Filter>
    <Filter Include="old\setup\hooks">
      <UniqueIdentifier>{7a9b1702-26df-451d-bca0-1d94408defa4}</UniqueIdentifier>
    </Filter>
    <Filter Include="old\setup\interfaces">
      <UniqueIdentifier>{6aa1d9c6-aa59-48a2-a667-da9b0d7aa236}</UniqueIdentifier>
    </Filter>
    <Filter Include="old\setup\modules">
      <UniqueIdentifier>{49b29bee-8ec1-47ea-aba5-de1d68fd5256}</UniqueIdentifier>
    </Filter>
    <Filter Include="old\setup\netvars">
      <UniqueIdentifier>{159617c4-654b-49c9-af89-c6d78ae88f5f}</UniqueIdentifier>
    </Filter>
    <Filter Include="old\setup\offsets">
      <UniqueIdentifier>{e03ea5ba-dd5c-4a9f-982e-7b026cdf55d5}</UniqueIdentifier>
    </Filter>
    <Filter Include="old\misc">
      <UniqueIdentifier>{960db9ff-147e-44ba-8be4-ecd39f8ad323}</UniqueIdentifier>
    </Filter>
    <Filter Include="old\misc\detours">
      <UniqueIdentifier>{c5d6db53-c438-4628-ae77-20289cc6b9db}</UniqueIdentifier>
    </Filter>
    <Filter Include="old\misc\render">
      <UniqueIdentifier>{6dfd809e-f0f5-40b6-8a9b-f75937652bbd}</UniqueIdentifier>
    </Filter>
    <Filter Include="old\misc\render\assets">
      <UniqueIdentifier>{ef974ce3-054d-4c29-99ff-61aa220598a2}</UniqueIdentifier>
    </Filter>
    <Filter Include="old\misc\render\assets\textures">
      <UniqueIdentifier>{974be246-cd42-4025-9036-693fef718b29}</UniqueIdentifier>
    </Filter>
    <Filter Include="old\misc\render\assets\fonts">
      <UniqueIdentifier>{27014b40-ae91-4717-bfd4-35638fb7aa66}</UniqueIdentifier>
    </Filter>
    <Filter Include="old\misc\utilities">
      <UniqueIdentifier>{3f5f029a-532c-44b5-9a8c-ecea1f05478e}</UniqueIdentifier>
    </Filter>
    <Filter Include="old\features">
      <UniqueIdentifier>{33326546-3374-4966-ba40-f61daa671c14}</UniqueIdentifier>
    </Filter>
    <Filter Include="old\features\visuals">
      <UniqueIdentifier>{49cba791-59bb-4c4b-b9c1-f1b0c0440c8e}</UniqueIdentifier>
    </Filter>
    <Filter Include="old\features\visuals\chams">
      <UniqueIdentifier>{1063769a-a433-4528-a182-7daba49def4a}</UniqueIdentifier>
    </Filter>
    <Filter Include="old\features\visuals\esp">
      <UniqueIdentifier>{1c7a5325-9f69-4418-93f4-698563211a1e}</UniqueIdentifier>
    </Filter>
    <Filter Include="old\features\lua">
      <UniqueIdentifier>{2f8717dd-9465-4fff-ad80-b1174e871451}</UniqueIdentifier>
    </Filter>
    <Filter Include="old\features\lua\script">
      <UniqueIdentifier>{007ddbaa-de48-47f0-ab43-6ac9ac93af36}</UniqueIdentifier>
    </Filter>
    <Filter Include="old\features\lua\state">
      <UniqueIdentifier>{e9a26aa8-95b9-493a-b882-14ebceba1b3b}</UniqueIdentifier>
    </Filter>
    <Filter Include="old\features\menu">
      <UniqueIdentifier>{67abdc01-7fd3-4c49-a9c4-f0f924e79cd4}</UniqueIdentifier>
    </Filter>
    <Filter Include="old\features\misc">
      <UniqueIdentifier>{05e822e6-ecbb-4508-b2d1-0c6ecd4b2354}</UniqueIdentifier>
    </Filter>
    <Filter Include="old\features\rage">
      <UniqueIdentifier>{930ad495-0a5f-4062-8028-ebeef2daf440}</UniqueIdentifier>
    </Filter>
    <Filter Include="old\features\rage\resolver">
      <UniqueIdentifier>{15cc262d-5e4d-4293-82b4-8bc2e64054e1}</UniqueIdentifier>
    </Filter>
    <Filter Include="old\features\rage\lagcomp">
      <UniqueIdentifier>{23f2e2aa-d0a3-457b-8812-1ffa5b7df645}</UniqueIdentifier>
    </Filter>
    <Filter Include="old\features\rage\animations">
      <UniqueIdentifier>{dd7fa834-9011-48c4-bada-55bfb2586d81}</UniqueIdentifier>
    </Filter>
    <Filter Include="old\features\rage\antiaim">
      <UniqueIdentifier>{2d2aa214-03fc-4ac8-bfc9-e5ba0e9bdcbc}</UniqueIdentifier>
    </Filter>
    <Filter Include="new">
      <UniqueIdentifier>{b8e61812-00c4-4c51-84c1-5dccfa2a5615}</UniqueIdentifier>
    </Filter>
  </ItemGroup>
  <ItemGroup>
    <ClCompile Include="setup\cheat.cpp">
      <Filter>old\setup\cheat</Filter>
    </ClCompile>
    <ClCompile Include="setup\entry.cpp">
      <Filter>old\setup</Filter>
    </ClCompile>
    <ClCompile Include="setup\hooks.cpp">
      <Filter>old\setup\hooks</Filter>
    </ClCompile>
    <ClCompile Include="setup\interfaces.cpp">
      <Filter>old\setup\interfaces</Filter>
    </ClCompile>
    <ClCompile Include="setup\modules.cpp">
      <Filter>old\setup\modules</Filter>
    </ClCompile>
    <ClCompile Include="setup\netvars.cpp">
      <Filter>old\setup\netvars</Filter>
    </ClCompile>
    <ClCompile Include="setup\offsets.cpp">
      <Filter>old\setup\offsets</Filter>
    </ClCompile>
    <ClCompile Include="misc\nascarhook_icon.cpp">
      <Filter>old\misc\render\assets\textures</Filter>
    </ClCompile>
    <ClCompile Include="misc\detours.cpp">
      <Filter>old\misc\detours</Filter>
    </ClCompile>
    <ClCompile Include="misc\render.cpp">
      <Filter>old\misc\render</Filter>
    </ClCompile>
    <ClCompile Include="misc\utilities.cpp">
      <Filter>old\misc\utilities</Filter>
    </ClCompile>
  </ItemGroup>
  <ItemGroup>
    <ClInclude Include="setup\cheat.h">
      <Filter>old\setup\cheat</Filter>
    </ClInclude>
    <ClInclude Include="setup\hooks.h">
      <Filter>old\setup\hooks</Filter>
    </ClInclude>
    <ClInclude Include="setup\interfaces.h">
      <Filter>old\setup\interfaces</Filter>
    </ClInclude>
    <ClInclude Include="setup\modules.h">
      <Filter>old\setup\modules</Filter>
    </ClInclude>
    <ClInclude Include="setup\netvars.h">
      <Filter>old\setup\netvars</Filter>
    </ClInclude>
    <ClInclude Include="setup\offsets.h">
      <Filter>old\setup\offsets</Filter>
    </ClInclude>
    <ClInclude Include="misc\nascarhook_icon.h">
      <Filter>old\misc\render\assets\textures</Filter>
    </ClInclude>
    <ClInclude Include="misc\detours.h">
      <Filter>old\misc\detours</Filter>
    </ClInclude>
    <ClInclude Include="misc\render.h">
      <Filter>old\misc\render</Filter>
    </ClInclude>
    <ClInclude Include="misc\utilities.h">
      <Filter>old\misc\utilities</Filter>
    </ClInclude>
  </ItemGroup>
</Project>